
Microsoft Visual Studio Solution File, Format Version 12.00
# Visual Studio Version 17
VisualStudioVersion = 17.2.32616.157
MinimumVisualStudioVersion = 10.0.40219.1
Project("{FAE04EC0-301F-11D3-BF4B-00C04F79EFBC}") = "MVCTestProject", "MVCTestProject\MVCTestProject.csproj", "{8DCC9427-7898-487F-8F6D-329F81CD1214}"
EndProject
Global
	GlobalSection(SolutionConfigurationPlatforms) = preSolution
		Debug|Any CPU = Debug|Any CPU
		Release|Any CPU = Release|Any CPU
	EndGlobalSection
	GlobalSection(ProjectConfigurationPlatforms) = postSolution
		{8DCC9427-7898-487F-8F6D-329F81CD1214}.Debug|Any CPU.ActiveCfg = Debug|Any CPU
		{8DCC9427-7898-487F-8F6D-329F81CD1214}.Debug|Any CPU.Build.0 = Debug|Any CPU
		{8DCC9427-7898-487F-8F6D-329F81CD1214}.Release|Any CPU.ActiveCfg = Release|Any CPU
		{8DCC9427-7898-487F-8F6D-329F81CD1214}.Release|Any CPU.Build.0 = Release|Any CPU
	EndGlobalSection
	GlobalSection(SolutionProperties) = preSolution
		HideSolutionNode = FALSE
	EndGlobalSection
	GlobalSection(ExtensibilityGlobals) = postSolution
		SolutionGuid = {D272365F-02D2-48C1-8FE8-443E70E7EE28}
	EndGlobalSection
EndGlobal
